
Microsoft Visual Studio Solution File, Format Version 12.00
# Visual Studio Version 17
VisualStudioVersion = 17.9.34701.34
MinimumVisualStudioVersion = 10.0.40219.1
Project("{FAE04EC0-301F-11D3-BF4B-00C04F79EFBC}") = "GP", "GP\GP.csproj", "{6E924035-AB74-4EEC-B438-59278D0BC672}"
EndProject
Global
	GlobalSection(SolutionConfigurationPlatforms) = preSolution
		Debug|Any CPU = Debug|Any CPU
		Release|Any CPU = Release|Any CPU
	EndGlobalSection
	GlobalSection(ProjectConfigurationPlatforms) = postSolution
		{6E924035-AB74-4EEC-B438-59278D0BC672}.Debug|Any CPU.ActiveCfg = Debug|Any CPU
		{6E924035-AB74-4EEC-B438-59278D0BC672}.Debug|Any CPU.Build.0 = Debug|Any CPU
		{6E924035-AB74-4EEC-B438-59278D0BC672}.Release|Any CPU.ActiveCfg = Release|Any CPU
		{6E924035-AB74-4EEC-B438-59278D0BC672}.Release|Any CPU.Build.0 = Release|Any CPU
	EndGlobalSection
	GlobalSection(SolutionProperties) = preSolution
		HideSolutionNode = FALSE
	EndGlobalSection
	GlobalSection(ExtensibilityGlobals) = postSolution
		SolutionGuid = {6A8B6F12-092B-4C86-973B-CFD2B616227B}
	EndGlobalSection
EndGlobal
