
Microsoft Visual Studio Solution File, Format Version 12.00
# Visual Studio Version 17
VisualStudioVersion = 17.9.34607.119
MinimumVisualStudioVersion = 10.0.40219.1
Project("{FAE04EC0-301F-11D3-BF4B-00C04F79EFBC}") = "BugDetectorGP", "BugDetectorGP.csproj", "{BAE30440-1CA7-4E42-B87D-A29DF5C99F89}"
EndProject
Global
	GlobalSection(SolutionConfigurationPlatforms) = preSolution
		Debug|Any CPU = Debug|Any CPU
		Release|Any CPU = Release|Any CPU
	EndGlobalSection
	GlobalSection(ProjectConfigurationPlatforms) = postSolution
		{BAE30440-1CA7-4E42-B87D-A29DF5C99F89}.Debug|Any CPU.ActiveCfg = Debug|Any CPU
		{BAE30440-1CA7-4E42-B87D-A29DF5C99F89}.Debug|Any CPU.Build.0 = Debug|Any CPU
		{BAE30440-1CA7-4E42-B87D-A29DF5C99F89}.Release|Any CPU.ActiveCfg = Release|Any CPU
		{BAE30440-1CA7-4E42-B87D-A29DF5C99F89}.Release|Any CPU.Build.0 = Release|Any CPU
	EndGlobalSection
	GlobalSection(SolutionProperties) = preSolution
		HideSolutionNode = FALSE
	EndGlobalSection
	GlobalSection(ExtensibilityGlobals) = postSolution
		SolutionGuid = {B2A3D95C-24F9-41A5-8332-5EF9ADB74332}
	EndGlobalSection
EndGlobal
